
Microsoft Visual Studio Solution File, Format Version 12.00
# Visual Studio 15
Project("{FAE04EC0-301F-11D3-BF4B-00C04F79EFBC}") = "Assembly-CSharp-Editor", "Assembly-CSharp-Editor.csproj", "{636F7C6C-9998-958C-9B79-8E4E9C616446}"
EndProject
Project("{FAE04EC0-301F-11D3-BF4B-00C04F79EFBC}") = "ScreenFx.Editor", "ScreenFx.Editor.csproj", "{AB4A28B1-C69F-AA7A-163E-CC0B8FC9C9E5}"
EndProject
Project("{FAE04EC0-301F-11D3-BF4B-00C04F79EFBC}") = "Tools.Editor", "Tools.Editor.csproj", "{BF158803-FA5F-A358-DD78-D73084D6376E}"
EndProject
Project("{FAE04EC0-301F-11D3-BF4B-00C04F79EFBC}") = "sc.posteffects.editor", "sc.posteffects.editor.csproj", "{79932460-67D8-218A-29DE-2A973016C1CF}"
EndProject
Project("{FAE04EC0-301F-11D3-BF4B-00C04F79EFBC}") = "Unity.RenderPipelines.Universal.Runtime", "Unity.RenderPipelines.Universal.Runtime.csproj", "{1C48AC28-D7AB-18EC-783C-3592266C994F}"
EndProject
Project("{FAE04EC0-301F-11D3-BF4B-00C04F79EFBC}") = "Assembly-CSharp-firstpass", "Assembly-CSharp-firstpass.csproj", "{D22D531A-07A5-A338-5293-740473F62AF1}"
EndProject
Project("{FAE04EC0-301F-11D3-BF4B-00C04F79EFBC}") = "Assembly-CSharp", "Assembly-CSharp.csproj", "{9778B948-5F66-51B8-1A1B-92D98A42F29D}"
EndProject
Project("{FAE04EC0-301F-11D3-BF4B-00C04F79EFBC}") = "VolFx", "VolFx.csproj", "{BA4CF497-152A-DAF5-6B54-4AC9B077FB91}"
EndProject
Project("{FAE04EC0-301F-11D3-BF4B-00C04F79EFBC}") = "Assembly-CSharp-Editor-firstpass", "Assembly-CSharp-Editor-firstpass.csproj", "{05095140-B5ED-763A-513E-052864E21B42}"
EndProject
Project("{FAE04EC0-301F-11D3-BF4B-00C04F79EFBC}") = "ScreenFx", "ScreenFx.csproj", "{FD6BDF43-B49C-0353-FF5F-0E899E6D24F9}"
EndProject
Project("{FAE04EC0-301F-11D3-BF4B-00C04F79EFBC}") = "sc.posteffects.runtime", "sc.posteffects.runtime.csproj", "{8E3F888E-7268-240B-8DF7-46DF285FD477}"
EndProject
Project("{FAE04EC0-301F-11D3-BF4B-00C04F79EFBC}") = "VolFx.Editor", "VolFx.Editor.csproj", "{C05E82A3-4AFC-02EF-0D74-F43AF3F7D06F}"
EndProject
Project("{FAE04EC0-301F-11D3-BF4B-00C04F79EFBC}") = "fluxy", "fluxy.csproj", "{0EE2168E-63F3-F665-8CCF-6EA0D74BC421}"
EndProject
Project("{FAE04EC0-301F-11D3-BF4B-00C04F79EFBC}") = "VolFx.Samples", "VolFx.Samples.csproj", "{E3AEDF7B-3166-0417-3631-52E0EF1B8FAF}"
EndProject
Project("{FAE04EC0-301F-11D3-BF4B-00C04F79EFBC}") = "HBAO.Universal.Runtime", "HBAO.Universal.Runtime.csproj", "{D3059ABA-077F-0BBA-91CF-01D3B2193C25}"
EndProject
Project("{FAE04EC0-301F-11D3-BF4B-00C04F79EFBC}") = "Tools.Runtime", "Tools.Runtime.csproj", "{D43616A1-AB2E-4AD8-2D6B-5E8FB360557C}"
EndProject
Project("{FAE04EC0-301F-11D3-BF4B-00C04F79EFBC}") = "FluXYEditor", "FluXYEditor.csproj", "{026BCDCA-0E0B-5BC1-CEE9-C3859A548F87}"
EndProject
Project("{FAE04EC0-301F-11D3-BF4B-00C04F79EFBC}") = "HBAO.Runtime", "HBAO.Runtime.csproj", "{13BD09A3-A0AB-8AA7-9AFD-9E0129CCF8FC}"
EndProject
Project("{FAE04EC0-301F-11D3-BF4B-00C04F79EFBC}") = "HBAO.Editor", "HBAO.Editor.csproj", "{32E28883-1591-9976-ED0E-305338A466E1}"
EndProject
Project("{FAE04EC0-301F-11D3-BF4B-00C04F79EFBC}") = "HBAO.Universal.Editor", "HBAO.Universal.Editor.csproj", "{8F7C7DDB-1838-2C66-C7A5-6BB532A7CB7B}"
EndProject
Global
	GlobalSection(SolutionConfigurationPlatforms) = preSolution
		Debug|Any CPU = Debug|Any CPU
		Release|Any CPU = Release|Any CPU
	EndGlobalSection
	GlobalSection(ProjectConfigurationPlatforms) = postSolution
		{636F7C6C-9998-958C-9B79-8E4E9C616446}.Debug|Any CPU.ActiveCfg = Debug|Any CPU
		{636F7C6C-9998-958C-9B79-8E4E9C616446}.Debug|Any CPU.Build.0 = Debug|Any CPU
		{636F7C6C-9998-958C-9B79-8E4E9C616446}.Release|Any CPU.ActiveCfg = Release|Any CPU
		{636F7C6C-9998-958C-9B79-8E4E9C616446}.Release|Any CPU.Build.0 = Release|Any CPU
		{AB4A28B1-C69F-AA7A-163E-CC0B8FC9C9E5}.Debug|Any CPU.ActiveCfg = Debug|Any CPU
		{AB4A28B1-C69F-AA7A-163E-CC0B8FC9C9E5}.Debug|Any CPU.Build.0 = Debug|Any CPU
		{AB4A28B1-C69F-AA7A-163E-CC0B8FC9C9E5}.Release|Any CPU.ActiveCfg = Release|Any CPU
		{AB4A28B1-C69F-AA7A-163E-CC0B8FC9C9E5}.Release|Any CPU.Build.0 = Release|Any CPU
		{BF158803-FA5F-A358-DD78-D73084D6376E}.Debug|Any CPU.ActiveCfg = Debug|Any CPU
		{BF158803-FA5F-A358-DD78-D73084D6376E}.Debug|Any CPU.Build.0 = Debug|Any CPU
		{BF158803-FA5F-A358-DD78-D73084D6376E}.Release|Any CPU.ActiveCfg = Release|Any CPU
		{BF158803-FA5F-A358-DD78-D73084D6376E}.Release|Any CPU.Build.0 = Release|Any CPU
		{79932460-67D8-218A-29DE-2A973016C1CF}.Debug|Any CPU.ActiveCfg = Debug|Any CPU
		{79932460-67D8-218A-29DE-2A973016C1CF}.Debug|Any CPU.Build.0 = Debug|Any CPU
		{79932460-67D8-218A-29DE-2A973016C1CF}.Release|Any CPU.ActiveCfg = Release|Any CPU
		{79932460-67D8-218A-29DE-2A973016C1CF}.Release|Any CPU.Build.0 = Release|Any CPU
		{1C48AC28-D7AB-18EC-783C-3592266C994F}.Debug|Any CPU.ActiveCfg = Debug|Any CPU
		{1C48AC28-D7AB-18EC-783C-3592266C994F}.Debug|Any CPU.Build.0 = Debug|Any CPU
		{1C48AC28-D7AB-18EC-783C-3592266C994F}.Release|Any CPU.ActiveCfg = Release|Any CPU
		{1C48AC28-D7AB-18EC-783C-3592266C994F}.Release|Any CPU.Build.0 = Release|Any CPU
		{D22D531A-07A5-A338-5293-740473F62AF1}.Debug|Any CPU.ActiveCfg = Debug|Any CPU
		{D22D531A-07A5-A338-5293-740473F62AF1}.Debug|Any CPU.Build.0 = Debug|Any CPU
		{D22D531A-07A5-A338-5293-740473F62AF1}.Release|Any CPU.ActiveCfg = Release|Any CPU
		{D22D531A-07A5-A338-5293-740473F62AF1}.Release|Any CPU.Build.0 = Release|Any CPU
		{9778B948-5F66-51B8-1A1B-92D98A42F29D}.Debug|Any CPU.ActiveCfg = Debug|Any CPU
		{9778B948-5F66-51B8-1A1B-92D98A42F29D}.Debug|Any CPU.Build.0 = Debug|Any CPU
		{9778B948-5F66-51B8-1A1B-92D98A42F29D}.Release|Any CPU.ActiveCfg = Release|Any CPU
		{9778B948-5F66-51B8-1A1B-92D98A42F29D}.Release|Any CPU.Build.0 = Release|Any CPU
		{BA4CF497-152A-DAF5-6B54-4AC9B077FB91}.Debug|Any CPU.ActiveCfg = Debug|Any CPU
		{BA4CF497-152A-DAF5-6B54-4AC9B077FB91}.Debug|Any CPU.Build.0 = Debug|Any CPU
		{BA4CF497-152A-DAF5-6B54-4AC9B077FB91}.Release|Any CPU.ActiveCfg = Release|Any CPU
		{BA4CF497-152A-DAF5-6B54-4AC9B077FB91}.Release|Any CPU.Build.0 = Release|Any CPU
		{05095140-B5ED-763A-513E-052864E21B42}.Debug|Any CPU.ActiveCfg = Debug|Any CPU
		{05095140-B5ED-763A-513E-052864E21B42}.Debug|Any CPU.Build.0 = Debug|Any CPU
		{05095140-B5ED-763A-513E-052864E21B42}.Release|Any CPU.ActiveCfg = Release|Any CPU
		{05095140-B5ED-763A-513E-052864E21B42}.Release|Any CPU.Build.0 = Release|Any CPU
		{FD6BDF43-B49C-0353-FF5F-0E899E6D24F9}.Debug|Any CPU.ActiveCfg = Debug|Any CPU
		{FD6BDF43-B49C-0353-FF5F-0E899E6D24F9}.Debug|Any CPU.Build.0 = Debug|Any CPU
		{FD6BDF43-B49C-0353-FF5F-0E899E6D24F9}.Release|Any CPU.ActiveCfg = Release|Any CPU
		{FD6BDF43-B49C-0353-FF5F-0E899E6D24F9}.Release|Any CPU.Build.0 = Release|Any CPU
		{8E3F888E-7268-240B-8DF7-46DF285FD477}.Debug|Any CPU.ActiveCfg = Debug|Any CPU
		{8E3F888E-7268-240B-8DF7-46DF285FD477}.Debug|Any CPU.Build.0 = Debug|Any CPU
		{8E3F888E-7268-240B-8DF7-46DF285FD477}.Release|Any CPU.ActiveCfg = Release|Any CPU
		{8E3F888E-7268-240B-8DF7-46DF285FD477}.Release|Any CPU.Build.0 = Release|Any CPU
		{C05E82A3-4AFC-02EF-0D74-F43AF3F7D06F}.Debug|Any CPU.ActiveCfg = Debug|Any CPU
		{C05E82A3-4AFC-02EF-0D74-F43AF3F7D06F}.Debug|Any CPU.Build.0 = Debug|Any CPU
		{C05E82A3-4AFC-02EF-0D74-F43AF3F7D06F}.Release|Any CPU.ActiveCfg = Release|Any CPU
		{C05E82A3-4AFC-02EF-0D74-F43AF3F7D06F}.Release|Any CPU.Build.0 = Release|Any CPU
		{0EE2168E-63F3-F665-8CCF-6EA0D74BC421}.Debug|Any CPU.ActiveCfg = Debug|Any CPU
		{0EE2168E-63F3-F665-8CCF-6EA0D74BC421}.Debug|Any CPU.Build.0 = Debug|Any CPU
		{0EE2168E-63F3-F665-8CCF-6EA0D74BC421}.Release|Any CPU.ActiveCfg = Release|Any CPU
		{0EE2168E-63F3-F665-8CCF-6EA0D74BC421}.Release|Any CPU.Build.0 = Release|Any CPU
		{E3AEDF7B-3166-0417-3631-52E0EF1B8FAF}.Debug|Any CPU.ActiveCfg = Debug|Any CPU
		{E3AEDF7B-3166-0417-3631-52E0EF1B8FAF}.Debug|Any CPU.Build.0 = Debug|Any CPU
		{E3AEDF7B-3166-0417-3631-52E0EF1B8FAF}.Release|Any CPU.ActiveCfg = Release|Any CPU
		{E3AEDF7B-3166-0417-3631-52E0EF1B8FAF}.Release|Any CPU.Build.0 = Release|Any CPU
		{D3059ABA-077F-0BBA-91CF-01D3B2193C25}.Debug|Any CPU.ActiveCfg = Debug|Any CPU
		{D3059ABA-077F-0BBA-91CF-01D3B2193C25}.Debug|Any CPU.Build.0 = Debug|Any CPU
		{D3059ABA-077F-0BBA-91CF-01D3B2193C25}.Release|Any CPU.ActiveCfg = Release|Any CPU
		{D3059ABA-077F-0BBA-91CF-01D3B2193C25}.Release|Any CPU.Build.0 = Release|Any CPU
		{D43616A1-AB2E-4AD8-2D6B-5E8FB360557C}.Debug|Any CPU.ActiveCfg = Debug|Any CPU
		{D43616A1-AB2E-4AD8-2D6B-5E8FB360557C}.Debug|Any CPU.Build.0 = Debug|Any CPU
		{D43616A1-AB2E-4AD8-2D6B-5E8FB360557C}.Release|Any CPU.ActiveCfg = Release|Any CPU
		{D43616A1-AB2E-4AD8-2D6B-5E8FB360557C}.Release|Any CPU.Build.0 = Release|Any CPU
		{026BCDCA-0E0B-5BC1-CEE9-C3859A548F87}.Debug|Any CPU.ActiveCfg = Debug|Any CPU
		{026BCDCA-0E0B-5BC1-CEE9-C3859A548F87}.Debug|Any CPU.Build.0 = Debug|Any CPU
		{026BCDCA-0E0B-5BC1-CEE9-C3859A548F87}.Release|Any CPU.ActiveCfg = Release|Any CPU
		{026BCDCA-0E0B-5BC1-CEE9-C3859A548F87}.Release|Any CPU.Build.0 = Release|Any CPU
		{13BD09A3-A0AB-8AA7-9AFD-9E0129CCF8FC}.Debug|Any CPU.ActiveCfg = Debug|Any CPU
		{13BD09A3-A0AB-8AA7-9AFD-9E0129CCF8FC}.Debug|Any CPU.Build.0 = Debug|Any CPU
		{13BD09A3-A0AB-8AA7-9AFD-9E0129CCF8FC}.Release|Any CPU.ActiveCfg = Release|Any CPU
		{13BD09A3-A0AB-8AA7-9AFD-9E0129CCF8FC}.Release|Any CPU.Build.0 = Release|Any CPU
		{32E28883-1591-9976-ED0E-305338A466E1}.Debug|Any CPU.ActiveCfg = Debug|Any CPU
		{32E28883-1591-9976-ED0E-305338A466E1}.Debug|Any CPU.Build.0 = Debug|Any CPU
		{32E28883-1591-9976-ED0E-305338A466E1}.Release|Any CPU.ActiveCfg = Release|Any CPU
		{32E28883-1591-9976-ED0E-305338A466E1}.Release|Any CPU.Build.0 = Release|Any CPU
		{8F7C7DDB-1838-2C66-C7A5-6BB532A7CB7B}.Debug|Any CPU.ActiveCfg = Debug|Any CPU
		{8F7C7DDB-1838-2C66-C7A5-6BB532A7CB7B}.Debug|Any CPU.Build.0 = Debug|Any CPU
		{8F7C7DDB-1838-2C66-C7A5-6BB532A7CB7B}.Release|Any CPU.ActiveCfg = Release|Any CPU
		{8F7C7DDB-1838-2C66-C7A5-6BB532A7CB7B}.Release|Any CPU.Build.0 = Release|Any CPU
	EndGlobalSection
	GlobalSection(SolutionProperties) = preSolution
		HideSolutionNode = FALSE
	EndGlobalSection
EndGlobal
